
Microsoft Visual Studio Solution File, Format Version 12.00
# Visual Studio 15
VisualStudioVersion = 15.0.28307.1000
MinimumVisualStudioVersion = 10.0.40219.1
Project("{FAE04EC0-301F-11D3-BF4B-00C04F79EFBC}") = "WebApplication10", "WebApplication10\WebApplication10.csproj", "{D82356D8-5569-41C1-AC86-54138CFD0729}"
EndProject
Project("{FAE04EC0-301F-11D3-BF4B-00C04F79EFBC}") = "Currency.DAL", "Currency.DAL\Currency.DAL.csproj", "{A026400A-64C7-436E-8889-8D834008CE6E}"
EndProject
Project("{FAE04EC0-301F-11D3-BF4B-00C04F79EFBC}") = "CurrencyWeb", "CurrencyWeb\CurrencyWeb.csproj", "{FAA22E34-25EA-409A-B1B1-81C7229BAA2D}"
EndProject
Global
	GlobalSection(SolutionConfigurationPlatforms) = preSolution
		Debug|Any CPU = Debug|Any CPU
		Release|Any CPU = Release|Any CPU
	EndGlobalSection
	GlobalSection(ProjectConfigurationPlatforms) = postSolution
		{D82356D8-5569-41C1-AC86-54138CFD0729}.Debug|Any CPU.ActiveCfg = Debug|Any CPU
		{D82356D8-5569-41C1-AC86-54138CFD0729}.Debug|Any CPU.Build.0 = Debug|Any CPU
		{D82356D8-5569-41C1-AC86-54138CFD0729}.Release|Any CPU.ActiveCfg = Release|Any CPU
		{D82356D8-5569-41C1-AC86-54138CFD0729}.Release|Any CPU.Build.0 = Release|Any CPU
		{A026400A-64C7-436E-8889-8D834008CE6E}.Debug|Any CPU.ActiveCfg = Debug|Any CPU
		{A026400A-64C7-436E-8889-8D834008CE6E}.Debug|Any CPU.Build.0 = Debug|Any CPU
		{A026400A-64C7-436E-8889-8D834008CE6E}.Release|Any CPU.ActiveCfg = Release|Any CPU
		{A026400A-64C7-436E-8889-8D834008CE6E}.Release|Any CPU.Build.0 = Release|Any CPU
		{FAA22E34-25EA-409A-B1B1-81C7229BAA2D}.Debug|Any CPU.ActiveCfg = Debug|Any CPU
		{FAA22E34-25EA-409A-B1B1-81C7229BAA2D}.Debug|Any CPU.Build.0 = Debug|Any CPU
		{FAA22E34-25EA-409A-B1B1-81C7229BAA2D}.Release|Any CPU.ActiveCfg = Release|Any CPU
		{FAA22E34-25EA-409A-B1B1-81C7229BAA2D}.Release|Any CPU.Build.0 = Release|Any CPU
	EndGlobalSection
	GlobalSection(SolutionProperties) = preSolution
		HideSolutionNode = FALSE
	EndGlobalSection
	GlobalSection(ExtensibilityGlobals) = postSolution
		SolutionGuid = {09619C4B-68BA-4FD2-A6F9-7EC761B5C22A}
	EndGlobalSection
EndGlobal
